
Microsoft Visual Studio Solution File, Format Version 12.00
# Visual Studio 2013
VisualStudioVersion = 12.0.21005.1
MinimumVisualStudioVersion = 10.0.40219.1
Project("{FAE04EC0-301F-11D3-BF4B-00C04F79EFBC}") = "Misc", "Misc\Misc.csproj", "{9AB71DF5-7654-4708-9274-9180E1156387}"
EndProject
Project("{FAE04EC0-301F-11D3-BF4B-00C04F79EFBC}") = "Tests", "Tests\Tests.csproj", "{0F318A47-3576-427B-9B97-34BB79D333AF}"
EndProject
Project("{2150E333-8FDC-42A3-9474-1A3956D46DE8}") = "src", "src", "{6CA426F6-9AD2-42E6-B1D3-7A34E82C347D}"
EndProject
Global
	GlobalSection(SolutionConfigurationPlatforms) = preSolution
		Debug|Any CPU = Debug|Any CPU
		Release|Any CPU = Release|Any CPU
	EndGlobalSection
	GlobalSection(ProjectConfigurationPlatforms) = postSolution
		{9AB71DF5-7654-4708-9274-9180E1156387}.Debug|Any CPU.ActiveCfg = Debug|Any CPU
		{9AB71DF5-7654-4708-9274-9180E1156387}.Debug|Any CPU.Build.0 = Debug|Any CPU
		{9AB71DF5-7654-4708-9274-9180E1156387}.Release|Any CPU.ActiveCfg = Release|Any CPU
		{9AB71DF5-7654-4708-9274-9180E1156387}.Release|Any CPU.Build.0 = Release|Any CPU
		{0F318A47-3576-427B-9B97-34BB79D333AF}.Debug|Any CPU.ActiveCfg = Debug|Any CPU
		{0F318A47-3576-427B-9B97-34BB79D333AF}.Debug|Any CPU.Build.0 = Debug|Any CPU
		{0F318A47-3576-427B-9B97-34BB79D333AF}.Release|Any CPU.ActiveCfg = Release|Any CPU
		{0F318A47-3576-427B-9B97-34BB79D333AF}.Release|Any CPU.Build.0 = Release|Any CPU
	EndGlobalSection
	GlobalSection(SolutionProperties) = preSolution
		HideSolutionNode = FALSE
	EndGlobalSection
	GlobalSection(NestedProjects) = preSolution
		{9AB71DF5-7654-4708-9274-9180E1156387} = {6CA426F6-9AD2-42E6-B1D3-7A34E82C347D}
	EndGlobalSection
EndGlobal
